Microsoft Visual Studio Solution File, Format Version 11.00
# Visual Studio 2008

Project("{7DAE6FBC-9F88-8330-544F-128C2152E22A}") = "Top down", "Assembly-CSharp.csproj", "{1350FCBA-0ECB-8173-3D91-507216E687EE}"
EndProject
Global
	GlobalSection(SolutionConfigurationPlatforms) = preSolution
		Debug|Any CPU = Debug|Any CPU
		Release|Any CPU = Release|Any CPU
	EndGlobalSection
	GlobalSection(ProjectConfigurationPlatforms) = postSolution
		{1350FCBA-0ECB-8173-3D91-507216E687EE}.Debug|Any CPU.ActiveCfg = Debug|Any CPU
		{1350FCBA-0ECB-8173-3D91-507216E687EE}.Debug|Any CPU.Build.0 = Debug|Any CPU
		{1350FCBA-0ECB-8173-3D91-507216E687EE}.Release|Any CPU.ActiveCfg = Release|Any CPU
		{1350FCBA-0ECB-8173-3D91-507216E687EE}.Release|Any CPU.Build.0 = Release|Any CPU
	EndGlobalSection
	GlobalSection(SolutionProperties) = preSolution
		HideSolutionNode = FALSE
	EndGlobalSection
	GlobalSection(MonoDevelopProperties) = preSolution
		StartupItem = Assembly-CSharp.csproj
	EndGlobalSection
EndGlobal
